
Microsoft Visual Studio Solution File, Format Version 12.00
# Visual Studio Version 16
VisualStudioVersion = 16.0.33927.289
MinimumVisualStudioVersion = 10.0.40219.1
Project("{FAE04EC0-301F-11D3-BF4B-00C04F79EFBC}") = "Zadacha7", "Zadacha7\Zadacha7.csproj", "{C0E06E78-EDC4-416E-AC3E-8E5D3A0AB040}"
EndProject
Global
	GlobalSection(SolutionConfigurationPlatforms) = preSolution
		Debug|Any CPU = Debug|Any CPU
		Release|Any CPU = Release|Any CPU
	EndGlobalSection
	GlobalSection(ProjectConfigurationPlatforms) = postSolution
		{C0E06E78-EDC4-416E-AC3E-8E5D3A0AB040}.Debug|Any CPU.ActiveCfg = Debug|Any CPU
		{C0E06E78-EDC4-416E-AC3E-8E5D3A0AB040}.Debug|Any CPU.Build.0 = Debug|Any CPU
		{C0E06E78-EDC4-416E-AC3E-8E5D3A0AB040}.Release|Any CPU.ActiveCfg = Release|Any CPU
		{C0E06E78-EDC4-416E-AC3E-8E5D3A0AB040}.Release|Any CPU.Build.0 = Release|Any CPU
	EndGlobalSection
	GlobalSection(SolutionProperties) = preSolution
		HideSolutionNode = FALSE
	EndGlobalSection
	GlobalSection(ExtensibilityGlobals) = postSolution
		SolutionGuid = {A4F8F321-1249-47F0-8949-F6340C605731}
	EndGlobalSection
EndGlobal
